
Microsoft Visual Studio Solution File, Format Version 12.00
# Visual Studio Version 16
VisualStudioVersion = 16.0.33529.622
MinimumVisualStudioVersion = 10.0.40219.1
Project("{FAE04EC0-301F-11D3-BF4B-00C04F79EFBC}") = "JogoDeXadrez", "JogoDeXadrez\JogoDeXadrez.csproj", "{D2494875-ADD7-4689-8B7C-AC318905A555}"
EndProject
Global
	GlobalSection(SolutionConfigurationPlatforms) = preSolution
		Debug|Any CPU = Debug|Any CPU
		Release|Any CPU = Release|Any CPU
	EndGlobalSection
	GlobalSection(ProjectConfigurationPlatforms) = postSolution
		{D2494875-ADD7-4689-8B7C-AC318905A555}.Debug|Any CPU.ActiveCfg = Debug|Any CPU
		{D2494875-ADD7-4689-8B7C-AC318905A555}.Debug|Any CPU.Build.0 = Debug|Any CPU
		{D2494875-ADD7-4689-8B7C-AC318905A555}.Release|Any CPU.ActiveCfg = Release|Any CPU
		{D2494875-ADD7-4689-8B7C-AC318905A555}.Release|Any CPU.Build.0 = Release|Any CPU
	EndGlobalSection
	GlobalSection(SolutionProperties) = preSolution
		HideSolutionNode = FALSE
	EndGlobalSection
	GlobalSection(ExtensibilityGlobals) = postSolution
		SolutionGuid = {65203D5B-89B4-4B79-BEF6-355D7D058150}
	EndGlobalSection
EndGlobal
